
Microsoft Visual Studio Solution File, Format Version 10.00
# Visual Studio 2008
Project("{2150E333-8FDC-42A3-9474-1A3956D46DE8}") = "Samples", "Samples", "{9A11EC9D-6CE8-47EC-B887-42B3D4D32E51}"
EndProject
Project("{FAE04EC0-301F-11D3-BF4B-00C04F79EFBC}") = "DotSVN.Tests", "DotSVN\DotSVN.Tests\DotSVN.Tests.csproj", "{E4F833B3-EF85-4196-AFFD-03FEE6E9C748}"
EndProject
Project("{FAE04EC0-301F-11D3-BF4B-00C04F79EFBC}") = "DotSVN.Client", "DotSVN\DotSVN.Client\DotSVN.Client.csproj", "{90773DD2-7068-444B-A1DC-8D98C6481411}"
EndProject
Project("{FAE04EC0-301F-11D3-BF4B-00C04F79EFBC}") = "DotSVN.Common", "DotSVN\DotSVN.Common\DotSVN.Common.csproj", "{6EF30672-2474-45F6-B7E2-3F27801D9CDF}"
EndProject
Project("{FAE04EC0-301F-11D3-BF4B-00C04F79EFBC}") = "DotSVN.Server", "DotSVN\DotSVN.Server\DotSVN.Server.csproj", "{52ABBFF0-F51B-4F90-B094-0DC61E7B470F}"
EndProject
Project("{FAE04EC0-301F-11D3-BF4B-00C04F79EFBC}") = "DotSVN.Samples", "DotSVN\DotSVN.Samples\DotSVN.Samples.csproj", "{7A503201-7B8F-4803-87B5-F0FF7A3BB91F}"
EndProject
Project("{FAE04EC0-301F-11D3-BF4B-00C04F79EFBC}") = "DotSVN.GUISample", "DotSVN\DotSVN.GUISample\DotSVN.GUISample.csproj", "{C0CB2AAE-5120-4E39-8043-91352E567CA7}"
EndProject
Global
	GlobalSection(SolutionConfigurationPlatforms) = preSolution
		Debug|Any CPU = Debug|Any CPU
		Documentation|Any CPU = Documentation|Any CPU
		Release|Any CPU = Release|Any CPU
	EndGlobalSection
	GlobalSection(ProjectConfigurationPlatforms) = postSolution
		{E4F833B3-EF85-4196-AFFD-03FEE6E9C748}.Debug|Any CPU.ActiveCfg = Debug|Any CPU
		{E4F833B3-EF85-4196-AFFD-03FEE6E9C748}.Debug|Any CPU.Build.0 = Debug|Any CPU
		{E4F833B3-EF85-4196-AFFD-03FEE6E9C748}.Documentation|Any CPU.ActiveCfg = Documentation|Any CPU
		{E4F833B3-EF85-4196-AFFD-03FEE6E9C748}.Documentation|Any CPU.Build.0 = Documentation|Any CPU
		{E4F833B3-EF85-4196-AFFD-03FEE6E9C748}.Release|Any CPU.ActiveCfg = Release|Any CPU
		{E4F833B3-EF85-4196-AFFD-03FEE6E9C748}.Release|Any CPU.Build.0 = Release|Any CPU
		{90773DD2-7068-444B-A1DC-8D98C6481411}.Debug|Any CPU.ActiveCfg = Debug|Any CPU
		{90773DD2-7068-444B-A1DC-8D98C6481411}.Debug|Any CPU.Build.0 = Debug|Any CPU
		{90773DD2-7068-444B-A1DC-8D98C6481411}.Documentation|Any CPU.ActiveCfg = Documentation|Any CPU
		{90773DD2-7068-444B-A1DC-8D98C6481411}.Documentation|Any CPU.Build.0 = Documentation|Any CPU
		{90773DD2-7068-444B-A1DC-8D98C6481411}.Release|Any CPU.ActiveCfg = Release|Any CPU
		{90773DD2-7068-444B-A1DC-8D98C6481411}.Release|Any CPU.Build.0 = Release|Any CPU
		{6EF30672-2474-45F6-B7E2-3F27801D9CDF}.Debug|Any CPU.ActiveCfg = Debug|Any CPU
		{6EF30672-2474-45F6-B7E2-3F27801D9CDF}.Debug|Any CPU.Build.0 = Debug|Any CPU
		{6EF30672-2474-45F6-B7E2-3F27801D9CDF}.Documentation|Any CPU.ActiveCfg = Documentation|Any CPU
		{6EF30672-2474-45F6-B7E2-3F27801D9CDF}.Documentation|Any CPU.Build.0 = Documentation|Any CPU
		{6EF30672-2474-45F6-B7E2-3F27801D9CDF}.Release|Any CPU.ActiveCfg = Release|Any CPU
		{6EF30672-2474-45F6-B7E2-3F27801D9CDF}.Release|Any CPU.Build.0 = Release|Any CPU
		{52ABBFF0-F51B-4F90-B094-0DC61E7B470F}.Debug|Any CPU.ActiveCfg = Debug|Any CPU
		{52ABBFF0-F51B-4F90-B094-0DC61E7B470F}.Debug|Any CPU.Build.0 = Debug|Any CPU
		{52ABBFF0-F51B-4F90-B094-0DC61E7B470F}.Documentation|Any CPU.ActiveCfg = Documentation|Any CPU
		{52ABBFF0-F51B-4F90-B094-0DC61E7B470F}.Documentation|Any CPU.Build.0 = Documentation|Any CPU
		{52ABBFF0-F51B-4F90-B094-0DC61E7B470F}.Release|Any CPU.ActiveCfg = Release|Any CPU
		{52ABBFF0-F51B-4F90-B094-0DC61E7B470F}.Release|Any CPU.Build.0 = Release|Any CPU
		{7A503201-7B8F-4803-87B5-F0FF7A3BB91F}.Debug|Any CPU.ActiveCfg = Debug|Any CPU
		{7A503201-7B8F-4803-87B5-F0FF7A3BB91F}.Debug|Any CPU.Build.0 = Debug|Any CPU
		{7A503201-7B8F-4803-87B5-F0FF7A3BB91F}.Documentation|Any CPU.ActiveCfg = Debug|Any CPU
		{7A503201-7B8F-4803-87B5-F0FF7A3BB91F}.Documentation|Any CPU.Build.0 = Debug|Any CPU
		{7A503201-7B8F-4803-87B5-F0FF7A3BB91F}.Release|Any CPU.ActiveCfg = Release|Any CPU
		{7A503201-7B8F-4803-87B5-F0FF7A3BB91F}.Release|Any CPU.Build.0 = Release|Any CPU
		{C0CB2AAE-5120-4E39-8043-91352E567CA7}.Debug|Any CPU.ActiveCfg = Debug|Any CPU
		{C0CB2AAE-5120-4E39-8043-91352E567CA7}.Debug|Any CPU.Build.0 = Debug|Any CPU
		{C0CB2AAE-5120-4E39-8043-91352E567CA7}.Documentation|Any CPU.ActiveCfg = Debug|Any CPU
		{C0CB2AAE-5120-4E39-8043-91352E567CA7}.Documentation|Any CPU.Build.0 = Debug|Any CPU
		{C0CB2AAE-5120-4E39-8043-91352E567CA7}.Release|Any CPU.ActiveCfg = Release|Any CPU
		{C0CB2AAE-5120-4E39-8043-91352E567CA7}.Release|Any CPU.Build.0 = Release|Any CPU
	EndGlobalSection
	GlobalSection(SolutionProperties) = preSolution
		HideSolutionNode = FALSE
	EndGlobalSection
	GlobalSection(NestedProjects) = preSolution
		{7A503201-7B8F-4803-87B5-F0FF7A3BB91F} = {9A11EC9D-6CE8-47EC-B887-42B3D4D32E51}
		{C0CB2AAE-5120-4E39-8043-91352E567CA7} = {9A11EC9D-6CE8-47EC-B887-42B3D4D32E51}
	EndGlobalSection
	GlobalSection(ExtensibilityGlobals) = postSolution
		VisualSVNWorkingCopyRoot = .
	EndGlobalSection
EndGlobal
